
Microsoft Visual Studio Solution File, Format Version 12.00
# Visual Studio Version 16
VisualStudioVersion = 16.0.30523.141
MinimumVisualStudioVersion = 10.0.40219.1
Project("{9A19103F-16F7-4668-BE54-9A1E7A4F7556}") = "Provisionsrechner", "Aufgabe 1\Provisionsrechner.csproj", "{7426AA4E-3AA3-41F1-980B-D67D1CFFDA69}"
EndProject
Global
	GlobalSection(SolutionConfigurationPlatforms) = preSolution
		Debug|Any CPU = Debug|Any CPU
		Release|Any CPU = Release|Any CPU
	EndGlobalSection
	GlobalSection(ProjectConfigurationPlatforms) = postSolution
		{7426AA4E-3AA3-41F1-980B-D67D1CFFDA69}.Debug|Any CPU.ActiveCfg = Debug|Any CPU
		{7426AA4E-3AA3-41F1-980B-D67D1CFFDA69}.Debug|Any CPU.Build.0 = Debug|Any CPU
		{7426AA4E-3AA3-41F1-980B-D67D1CFFDA69}.Release|Any CPU.ActiveCfg = Release|Any CPU
		{7426AA4E-3AA3-41F1-980B-D67D1CFFDA69}.Release|Any CPU.Build.0 = Release|Any CPU
	EndGlobalSection
	GlobalSection(SolutionProperties) = preSolution
		HideSolutionNode = FALSE
	EndGlobalSection
	GlobalSection(ExtensibilityGlobals) = postSolution
		SolutionGuid = {001D9ADE-A80D-4B22-BC04-BBD1378406E6}
	EndGlobalSection
EndGlobal
